// !$*UTF8*$!
{
	archiveVersion = 1;
	classes = {
	};
	objectVersion = 56;
	objects = {

/* Begin PBXBuildFile section */
		AFEFD7B0290AFABB000A9C2E /* AppDelegate.swift in Sources */ = {isa = PBXBuildFile; fileRef = AFEFD7AF290AFABB000A9C2E /* AppDelegate.swift */; };
		AFEFD7B2290AFABB000A9C2E /* SceneDelegate.swift in Sources */ = {isa = PBXBuildFile; fileRef = AFEFD7B1290AFABB000A9C2E /* SceneDelegate.swift */; };
		AFEFD7B4290AFABB000A9C2E /* ViewController.swift in Sources */ = {isa = PBXBuildFile; fileRef = AFEFD7B3290AFABB000A9C2E /* ViewController.swift */; };
		AFEFD7B7290AFABB000A9C2E /* Main.storyboard in Resources */ = {isa = PBXBuildFile; fileRef = AFEFD7B5290AFABB000A9C2E /* Main.storyboard */; };
		AFEFD7B9290AFABD000A9C2E /* Assets.xcassets in Resources */ = {isa = PBXBuildFile; fileRef = AFEFD7B8290AFABD000A9C2E /* Assets.xcassets */; };
		AFEFD7BC290AFABD000A9C2E /* LaunchScreen.storyboard in Resources */ = {isa = PBXBuildFile; fileRef = AFEFD7BA290AFABD000A9C2E /* LaunchScreen.storyboard */; };
		AFEFD7C7290AFABD000A9C2E /* assignment6_swu_facultiesTests.swift in Sources */ = {isa = PBXBuildFile; fileRef = AFEFD7C6290AFABD000A9C2E /* assignment6_swu_facultiesTests.swift */; };
		AFEFD7D1290AFABD000A9C2E /* assignment6_swu_facultiesUITests.swift in Sources */ = {isa = PBXBuildFile; fileRef = AFEFD7D0290AFABD000A9C2E /* assignment6_swu_facultiesUITests.swift */; };
		AFEFD7D3290AFABD000A9C2E /* assignment6_swu_facultiesUITestsLaunchTests.swift in Sources */ = {isa = PBXBuildFile; fileRef = AFEFD7D2290AFABD000A9C2E /* assignment6_swu_facultiesUITestsLaunchTests.swift */; };
/* End PBXBuildFile section */

/* Begin PBXContainerItemProxy section */
		AFEFD7C3290AFABD000A9C2E /* PBXContainerItemProxy */ = {
			isa = PBXContainerItemProxy;
			containerPortal = AFEFD7A4290AFABB000A9C2E /* Project object */;
			proxyType = 1;
			remoteGlobalIDString = AFEFD7AB290AFABB000A9C2E;
			remoteInfo = "assignment6-swu-faculties";
		};
		AFEFD7CD290AFABD000A9C2E /* PBXContainerItemProxy */ = {
			isa = PBXContainerItemProxy;
			containerPortal = AFEFD7A4290AFABB000A9C2E /* Project object */;
			proxyType = 1;
			remoteGlobalIDString = AFEFD7AB290AFABB000A9C2E;
			remoteInfo = "assignment6-swu-faculties";
		};
/* End PBXContainerItemProxy section */

/* Begin PBXFileReference section */
		AFEFD7AC290AFABB000A9C2E /* assignment6-swu-faculties.app */ = {isa = PBXFileReference; explicitFileType = wrapper.application; includeInIndex = 0; path = "assignment6-swu-faculties.app"; sourceTree = BUILT_PRODUCTS_DIR; };
		AFEFD7AF290AFABB000A9C2E /* AppDelegate.swift */ = {isa = PBXFileReference; lastKnownFileType = sourcecode.swift; path = AppDelegate.swift; sourceTree = "<group>"; };
		AFEFD7B1290AFABB000A9C2E /* SceneDelegate.swift */ = {isa = PBXFileReference; lastKnownFileType = sourcecode.swift; path = SceneDelegate.swift; sourceTree = "<group>"; };
		AFEFD7B3290AFABB000A9C2E /* ViewController.swift */ = {isa = PBXFileReference; lastKnownFileType = sourcecode.swift; path = ViewController.swift; sourceTree = "<group>"; };
		AFEFD7B6290AFABB000A9C2E /* Base */ = {isa = PBXFileReference; lastKnownFileType = file.storyboard; name = Base; path = Base.lproj/Main.storyboard; sourceTree = "<group>"; };
		AFEFD7B8290AFABD000A9C2E /* Assets.xcassets */ = {isa = PBXFileReference; lastKnownFileType = folder.assetcatalog; path = Assets.xcassets; sourceTree = "<group>"; };
		AFEFD7BB290AFABD000A9C2E /* Base */ = {isa = PBXFileReference; lastKnownFileType = file.storyboard; name = Base; path = Base.lproj/LaunchScreen.storyboard; sourceTree = "<group>"; };
		AFEFD7BD290AFABD000A9C2E /* Info.plist */ = {isa = PBXFileReference; lastKnownFileType = text.plist.xml; path = Info.plist; sourceTree = "<group>"; };
		AFEFD7C2290AFABD000A9C2E /* assignment6-swu-facultiesTests.xctest */ = {isa = PBXFileReference; explicitFileType = wrapper.cfbundle; includeInIndex = 0; path = "assignment6-swu-facultiesTests.xctest"; sourceTree = BUILT_PRODUCTS_DIR; };
		AFEFD7C6290AFABD000A9C2E /* assignment6_swu_facultiesTests.swift */ = {isa = PBXFileReference; lastKnownFileType = sourcecode.swift; path = assignment6_swu_facultiesTests.swift; sourceTree = "<group>"; };
		AFEFD7CC290AFABD000A9C2E /* assignment6-swu-facultiesUITests.xctest */ = {isa = PBXFileReference; explicitFileType = wrapper.cfbundle; includeInIndex = 0; path = "assignment6-swu-facultiesUITests.xctest"; sourceTree = BUILT_PRODUCTS_DIR; };
		AFEFD7D0290AFABD000A9C2E /* assignment6_swu_facultiesUITests.swift */ = {isa = PBXFileReference; lastKnownFileType = sourcecode.swift; path = assignment6_swu_facultiesUITests.swift; sourceTree = "<group>"; };
		AFEFD7D2290AFABD000A9C2E /* assignment6_swu_facultiesUITestsLaunchTests.swift */ = {isa = PBXFileReference; lastKnownFileType = sourcecode.swift; path = assignment6_swu_facultiesUITestsLaunchTests.swift; sourceTree = "<group>"; };
/* End PBXFileReference section */

/* Begin PBXFrameworksBuildPhase section */
		AFEFD7A9290AFABB000A9C2E /* Frameworks */ = {
			isa = PBXFrameworksBuildPhase;
			buildActionMask = 2147483647;
			files = (
			);
			runOnlyForDeploymentPostprocessing = 0;
		};
		AFEFD7BF290AFABD000A9C2E /* Frameworks */ = {
			isa = PBXFrameworksBuildPhase;
			buildActionMask = 2147483647;
			files = (
			);
			runOnlyForDeploymentPostprocessing = 0;
		};
		AFEFD7C9290AFABD000A9C2E /* Frameworks */ = {
			isa = PBXFrameworksBuildPhase;
			buildActionMask = 2147483647;
			files = (
			);
			runOnlyForDeploymentPostprocessing = 0;
		};
/* End PBXFrameworksBuildPhase section */

/* Begin PBXGroup section */
		AFEFD7A3290AFABB000A9C2E = {
			isa = PBXGroup;
			children = (
				AFEFD7AE290AFABB000A9C2E /* assignment6-swu-faculties */,
				AFEFD7C5290AFABD000A9C2E /* assignment6-swu-facultiesTests */,
				AFEFD7CF290AFABD000A9C2E /* assignment6-swu-facultiesUITests */,
				AFEFD7AD290AFABB000A9C2E /* Products */,
			);
			sourceTree = "<group>";
		};
		AFEFD7AD290AFABB000A9C2E /* Products */ = {
			isa = PBXGroup;
			children = (
				AFEFD7AC290AFABB000A9C2E /* assignment6-swu-faculties.app */,
				AFEFD7C2290AFABD000A9C2E /* assignment6-swu-facultiesTests.xctest */,
				AFEFD7CC290AFABD000A9C2E /* assignment6-swu-facultiesUITests.xctest */,
			);
			name = Products;
			sourceTree = "<group>";
		};
		AFEFD7AE290AFABB000A9C2E /* assignment6-swu-faculties */ = {
			isa = PBXGroup;
			children = (
				AFEFD7AF290AFABB000A9C2E /* AppDelegate.swift */,
				AFEFD7B1290AFABB000A9C2E /* SceneDelegate.swift */,
				AFEFD7B3290AFABB000A9C2E /* ViewController.swift */,
				AFEFD7B5290AFABB000A9C2E /* Main.storyboard */,
				AFEFD7B8290AFABD000A9C2E /* Assets.xcassets */,
				AFEFD7BA290AFABD000A9C2E /* LaunchScreen.storyboard */,
				AFEFD7BD290AFABD000A9C2E /* Info.plist */,
			);
			path = "assignment6-swu-faculties";
			sourceTree = "<group>";
		};
		AFEFD7C5290AFABD000A9C2E /* assignment6-swu-facultiesTests */ = {
			isa = PBXGroup;
			children = (
				AFEFD7C6290AFABD000A9C2E /* assignment6_swu_facultiesTests.swift */,
			);
			path = "assignment6-swu-facultiesTests";
			sourceTree = "<group>";
		};
		AFEFD7CF290AFABD000A9C2E /* assignment6-swu-facultiesUITests */ = {
			isa = PBXGroup;
			children = (
				AFEFD7D0290AFABD000A9C2E /* assignment6_swu_facultiesUITests.swift */,
				AFEFD7D2290AFABD000A9C2E /* assignment6_swu_facultiesUITestsLaunchTests.swift */,
			);
			path = "assignment6-swu-facultiesUITests";
			sourceTree = "<group>";
		};
/* End PBXGroup section */

/* Begin PBXNativeTarget section */
		AFEFD7AB290AFABB000A9C2E /* assignment6-swu-faculties */ = {
			isa = PBXNativeTarget;
			buildConfigurationList = AFEFD7D6290AFABD000A9C2E /* Build configuration list for PBXNativeTarget "assignment6-swu-faculties" */;
			buildPhases = (
				AFEFD7A8290AFABB000A9C2E /* Sources */,
				AFEFD7A9290AFABB000A9C2E /* Frameworks */,
				AFEFD7AA290AFABB000A9C2E /* Resources */,
			);
			buildRules = (
			);
			dependencies = (
			);
			name = "assignment6-swu-faculties";
			productName = "assignment6-swu-faculties";
			productReference = AFEFD7AC290AFABB000A9C2E /* assignment6-swu-faculties.app */;
			productType = "com.apple.product-type.application";
		};
		AFEFD7C1290AFABD000A9C2E /* assignment6-swu-facultiesTests */ = {
			isa = PBXNativeTarget;
			buildConfigurationList = AFEFD7D9290AFABD000A9C2E /* Build configuration list for PBXNativeTarget "assignment6-swu-facultiesTests" */;
			buildPhases = (
				AFEFD7BE290AFABD000A9C2E /* Sources */,
				AFEFD7BF290AFABD000A9C2E /* Frameworks */,
				AFEFD7C0290AFABD000A9C2E /* Resources */,
			);
			buildRules = (
			);
			dependencies = (
				AFEFD7C4290AFABD000A9C2E /* PBXTargetDependency */,
			);
			name = "assignment6-swu-facultiesTests";
			productName = "assignment6-swu-facultiesTests";
			productReference = AFEFD7C2290AFABD000A9C2E /* assignment6-swu-facultiesTests.xctest */;
			productType = "com.apple.product-type.bundle.unit-test";
		};
		AFEFD7CB290AFABD000A9C2E /* assignment6-swu-facultiesUITests */ = {
			isa = PBXNativeTarget;
			buildConfigurationList = AFEFD7DC290AFABD000A9C2E /* Build configuration list for PBXNativeTarget "assignment6-swu-facultiesUITests" */;
			buildPhases = (
				AFEFD7C8290AFABD000A9C2E /* Sources */,
				AFEFD7C9290AFABD000A9C2E /* Frameworks */,
				AFEFD7CA290AFABD000A9C2E /* Resources */,
			);
			buildRules = (
			);
			dependencies = (
				AFEFD7CE290AFABD000A9C2E /* PBXTargetDependency */,
			);
			name = "assignment6-swu-facultiesUITests";
			productName = "assignment6-swu-facultiesUITests";
			productReference = AFEFD7CC290AFABD000A9C2E /* assignment6-swu-facultiesUITests.xctest */;
			productType = "com.apple.product-type.bundle.ui-testing";
		};
/* End PBXNativeTarget section */

/* Begin PBXProject section */
		AFEFD7A4290AFABB000A9C2E /* Project object */ = {
			isa = PBXProject;
			attributes = {
				BuildIndependentTargetsInParallel = 1;
				LastSwiftUpdateCheck = 1400;
				LastUpgradeCheck = 1400;
				TargetAttributes = {
					AFEFD7AB290AFABB000A9C2E = {
						CreatedOnToolsVersion = 14.0.1;
					};
					AFEFD7C1290AFABD000A9C2E = {
						CreatedOnToolsVersion = 14.0.1;
						TestTargetID = AFEFD7AB290AFABB000A9C2E;
					};
					AFEFD7CB290AFABD000A9C2E = {
						CreatedOnToolsVersion = 14.0.1;
						TestTargetID = AFEFD7AB290AFABB000A9C2E;
					};
				};
			};
			buildConfigurationList = AFEFD7A7290AFABB000A9C2E /* Build configuration list for PBXProject "assignment6-swu-faculties" */;
			compatibilityVersion = "Xcode 14.0";
			developmentRegion = en;
			hasScannedForEncodings = 0;
			knownRegions = (
				en,
				Base,
			);
			mainGroup = AFEFD7A3290AFABB000A9C2E;
			productRefGroup = AFEFD7AD290AFABB000A9C2E /* Products */;
			projectDirPath = "";
			projectRoot = "";
			targets = (
				AFEFD7AB290AFABB000A9C2E /* assignment6-swu-faculties */,
				AFEFD7C1290AFABD000A9C2E /* assignment6-swu-facultiesTests */,
				AFEFD7CB290AFABD000A9C2E /* assignment6-swu-facultiesUITests */,
			);
		};
/* End PBXProject section */

/* Begin PBXResourcesBuildPhase section */
		AFEFD7AA290AFABB000A9C2E /* Resources */ = {
			isa = PBXResourcesBuildPhase;
			buildActionMask = 2147483647;
			files = (
				AFEFD7BC290AFABD000A9C2E /* LaunchScreen.storyboard in Resources */,
				AFEFD7B9290AFABD000A9C2E /* Assets.xcassets in Resources */,
				AFEFD7B7290AFABB000A9C2E /* Main.storyboard in Resources */,
			);
			runOnlyForDeploymentPostprocessing = 0;
		};
		AFEFD7C0290AFABD000A9C2E /* Resources */ = {
			isa = PBXResourcesBuildPhase;
			buildActionMask = 2147483647;
			files = (
			);
			runOnlyForDeploymentPostprocessing = 0;
		};
		AFEFD7CA290AFABD000A9C2E /* Resources */ = {
			isa = PBXResourcesBuildPhase;
			buildActionMask = 2147483647;
			files = (
			);
			runOnlyForDeploymentPostprocessing = 0;
		};
/* End PBXResourcesBuildPhase section */

/* Begin PBXSourcesBuildPhase section */
		AFEFD7A8290AFABB000A9C2E /* Sources */ = {
			isa = PBXSourcesBuildPhase;
			buildActionMask = 2147483647;
			files = (
				AFEFD7B4290AFABB000A9C2E /* ViewController.swift in Sources */,
				AFEFD7B0290AFABB000A9C2E /* AppDelegate.swift in Sources */,
				AFEFD7B2290AFABB000A9C2E /* SceneDelegate.swift in Sources */,
			);
			runOnlyForDeploymentPostprocessing = 0;
		};
		AFEFD7BE290AFABD000A9C2E /* Sources */ = {
			isa = PBXSourcesBuildPhase;
			buildActionMask = 2147483647;
			files = (
				AFEFD7C7290AFABD000A9C2E /* assignment6_swu_facultiesTests.swift in Sources */,
			);
			runOnlyForDeploymentPostprocessing = 0;
		};
		AFEFD7C8290AFABD000A9C2E /* Sources */ = {
			isa = PBXSourcesBuildPhase;
			buildActionMask = 2147483647;
			files = (
				AFEFD7D1290AFABD000A9C2E /* assignment6_swu_facultiesUITests.swift in Sources */,
				AFEFD7D3290AFABD000A9C2E /* assignment6_swu_facultiesUITestsLaunchTests.swift in Sources */,
			);
			runOnlyForDeploymentPostprocessing = 0;
		};
/* End PBXSourcesBuildPhase section */

/* Begin PBXTargetDependency section */
		AFEFD7C4290AFABD000A9C2E /* PBXTargetDependency */ = {
			isa = PBXTargetDependency;
			target = AFEFD7AB290AFABB000A9C2E /* assignment6-swu-faculties */;
			targetProxy = AFEFD7C3290AFABD000A9C2E /* PBXContainerItemProxy */;
		};
		AFEFD7CE290AFABD000A9C2E /* PBXTargetDependency */ = {
			isa = PBXTargetDependency;
			target = AFEFD7AB290AFABB000A9C2E /* assignment6-swu-faculties */;
			targetProxy = AFEFD7CD290AFABD000A9C2E /* PBXContainerItemProxy */;
		};
/* End PBXTargetDependency section */

/* Begin PBXVariantGroup section */
		AFEFD7B5290AFABB000A9C2E /* Main.storyboard */ = {
			isa = PBXVariantGroup;
			children = (
				AFEFD7B6290AFABB000A9C2E /* Base */,
			);
			name = Main.storyboard;
			sourceTree = "<group>";
		};
		AFEFD7BA290AFABD000A9C2E /* LaunchScreen.storyboard */ = {
			isa = PBXVariantGroup;
			children = (
				AFEFD7BB290AFABD000A9C2E /* Base */,
			);
			name = LaunchScreen.storyboard;
			sourceTree = "<group>";
		};
/* End PBXVariantGroup section */

/* Begin XCBuildConfiguration section */
		AFEFD7D4290AFABD000A9C2E /* Debug */ = {
			isa = XCBuildConfiguration;
			buildSettings = {
				ALWAYS_SEARCH_USER_PATHS = NO;
				CLANG_ANALYZER_NONNULL = YES;
				CLANG_ANALYZER_NUMBER_OBJECT_CONVERSION = YES_AGGRESSIVE;
				CLANG_CXX_LANGUAGE_STANDARD = "gnu++20";
				CLANG_ENABLE_MODULES = YES;
				CLANG_ENABLE_OBJC_ARC = YES;
				CLANG_ENABLE_OBJC_WEAK = YES;
				CLANG_WARN_BLOCK_CAPTURE_AUTORELEASING = YES;
				CLANG_WARN_BOOL_CONVERSION = YES;
				CLANG_WARN_COMMA = YES;
				CLANG_WARN_CONSTANT_CONVERSION = YES;
				CLANG_WARN_DEPRECATED_OBJC_IMPLEMENTATIONS = YES;
				CLANG_WARN_DIRECT_OBJC_ISA_USAGE = YES_ERROR;
				CLANG_WARN_DOCUMENTATION_COMMENTS = YES;
				CLANG_WARN_EMPTY_BODY = YES;
				CLANG_WARN_ENUM_CONVERSION = YES;
				CLANG_WARN_INFINITE_RECURSION = YES;
				CLANG_WARN_INT_CONVERSION = YES;
				CLANG_WARN_NON_LITERAL_NULL_CONVERSION = YES;
				CLANG_WARN_OBJC_IMPLICIT_RETAIN_SELF = YES;
				CLANG_WARN_OBJC_LITERAL_CONVERSION = YES;
				CLANG_WARN_OBJC_ROOT_CLASS = YES_ERROR;
				CLANG_WARN_QUOTED_INCLUDE_IN_FRAMEWORK_HEADER = YES;
				CLANG_WARN_RANGE_LOOP_ANALYSIS = YES;
				CLANG_WARN_STRICT_PROTOTYPES = YES;
				CLANG_WARN_SUSPICIOUS_MOVE = YES;
				CLANG_WARN_UNGUARDED_AVAILABILITY = YES_AGGRESSIVE;
				CLANG_WARN_UNREACHABLE_CODE = YES;
				CLANG_WARN__DUPLICATE_METHOD_MATCH = YES;
				COPY_PHASE_STRIP = NO;
				DEBUG_INFORMATION_FORMAT = dwarf;
				ENABLE_STRICT_OBJC_MSGSEND = YES;
				ENABLE_TESTABILITY = YES;
				GCC_C_LANGUAGE_STANDARD = gnu11;
				GCC_DYNAMIC_NO_PIC = NO;
				GCC_NO_COMMON_BLOCKS = YES;
				GCC_OPTIMIZATION_LEVEL = 0;
				GCC_PREPROCESSOR_DEFINITIONS = (
					"DEBUG=1",
					"$(inherited)",
				);
				GCC_WARN_64_TO_32_BIT_CONVERSION = YES;
				GCC_WARN_ABOUT_RETURN_TYPE = YES_ERROR;
				GCC_WARN_UNDECLARED_SELECTOR = YES;
				GCC_WARN_UNINITIALIZED_AUTOS = YES_AGGRESSIVE;
				GCC_WARN_UNUSED_FUNCTION = YES;
				GCC_WARN_UNUSED_VARIABLE = YES;
				IPHONEOS_DEPLOYMENT_TARGET = 16.0;
				MTL_ENABLE_DEBUG_INFO = INCLUDE_SOURCE;
				MTL_FAST_MATH = YES;
				ONLY_ACTIVE_ARCH = YES;
				SDKROOT = iphoneos;
				SWIFT_ACTIVE_COMPILATION_CONDITIONS = DEBUG;
				SWIFT_OPTIMIZATION_LEVEL = "-Onone";
			};
			name = Debug;
		};
		AFEFD7D5290AFABD000A9C2E /* Release */ = {
			isa = XCBuildConfiguration;
			buildSettings = {
				ALWAYS_SEARCH_USER_PATHS = NO;
				CLANG_ANALYZER_NONNULL = YES;
				CLANG_ANALYZER_NUMBER_OBJECT_CONVERSION = YES_AGGRESSIVE;
				CLANG_CXX_LANGUAGE_STANDARD = "gnu++20";
				CLANG_ENABLE_MODULES = YES;
				CLANG_ENABLE_OBJC_ARC = YES;
				CLANG_ENABLE_OBJC_WEAK = YES;
				CLANG_WARN_BLOCK_CAPTURE_AUTORELEASING = YES;
				CLANG_WARN_BOOL_CONVERSION = YES;
				CLANG_WARN_COMMA = YES;
				CLANG_WARN_CONSTANT_CONVERSION = YES;
				CLANG_WARN_DEPRECATED_OBJC_IMPLEMENTATIONS = YES;
				CLANG_WARN_DIRECT_OBJC_ISA_USAGE = YES_ERROR;
				CLANG_WARN_DOCUMENTATION_COMMENTS = YES;
				CLANG_WARN_EMPTY_BODY = YES;
				CLANG_WARN_ENUM_CONVERSION = YES;
				CLANG_WARN_INFINITE_RECURSION = YES;
				CLANG_WARN_INT_CONVERSION = YES;
				CLANG_WARN_NON_LITERAL_NULL_CONVERSION = YES;
				CLANG_WARN_OBJC_IMPLICIT_RETAIN_SELF = YES;
				CLANG_WARN_OBJC_LITERAL_CONVERSION = YES;
				CLANG_WARN_OBJC_ROOT_CLASS = YES_ERROR;
				CLANG_WARN_QUOTED_INCLUDE_IN_FRAMEWORK_HEADER = YES;
				CLANG_WARN_RANGE_LOOP_ANALYSIS = YES;
				CLANG_WARN_STRICT_PROTOTYPES = YES;
				CLANG_WARN_SUSPICIOUS_MOVE = YES;
				CLANG_WARN_UNGUARDED_AVAILABILITY = YES_AGGRESSIVE;
				CLANG_WARN_UNREACHABLE_CODE = YES;
				CLANG_WARN__DUPLICATE_METHOD_MATCH = YES;
				COPY_PHASE_STRIP = NO;
				DEBUG_INFORMATION_FORMAT = "dwarf-with-dsym";
				ENABLE_NS_ASSERTIONS = NO;
				ENABLE_STRICT_OBJC_MSGSEND = YES;
				GCC_C_LANGUAGE_STANDARD = gnu11;
				GCC_NO_COMMON_BLOCKS = YES;
				GCC_WARN_64_TO_32_BIT_CONVERSION = YES;
				GCC_WARN_ABOUT_RETURN_TYPE = YES_ERROR;
				GCC_WARN_UNDECLARED_SELECTOR = YES;
				GCC_WARN_UNINITIALIZED_AUTOS = YES_AGGRESSIVE;
				GCC_WARN_UNUSED_FUNCTION = YES;
				GCC_WARN_UNUSED_VARIABLE = YES;
				IPHONEOS_DEPLOYMENT_TARGET = 16.0;
				MTL_ENABLE_DEBUG_INFO = NO;
				MTL_FAST_MATH = YES;
				SDKROOT = iphoneos;
				SWIFT_COMPILATION_MODE = wholemodule;
				SWIFT_OPTIMIZATION_LEVEL = "-O";
				VALIDATE_PRODUCT = YES;
			};
			name = Release;
		};
		AFEFD7D7290AFABD000A9C2E /* Debug */ = {
			isa = XCBuildConfiguration;
			buildSettings = {
				ASSETCATALOG_COMPILER_APPICON_NAME = AppIcon;
				ASSETCATALOG_COMPILER_GLOBAL_ACCENT_COLOR_NAME = AccentColor;
				CODE_SIGN_STYLE = Automatic;
				CURRENT_PROJECT_VERSION = 1;
				DEVELOPMENT_TEAM = WMQSD4MT85;
				GENERATE_INFOPLIST_FILE = YES;
				INFOPLIST_FILE = "assignment6-swu-faculties/Info.plist";
				INFOPLIST_KEY_UIApplicationSupportsIndirectInputEvents = YES;
				INFOPLIST_KEY_UILaunchStoryboardName = LaunchScreen;
				INFOPLIST_KEY_UIMainStoryboardFile = Main;
				INFOPLIST_KEY_UISupportedInterfaceOrientations_iPad = "UIInterfaceOrientationPortrait UIInterfaceOrientationPortraitUpsideDown UIInterfaceOrientationLandscapeLeft UIInterfaceOrientationLandscapeRight";
				INFOPLIST_KEY_UISupportedInterfaceOrientations_iPhone = "UIInterfaceOrientationPortrait UIInterfaceOrientationLandscapeLeft UIInterfaceOrientationLandscapeRight";
				LD_RUNPATH_SEARCH_PATHS = (
					"$(inherited)",
					"@executable_path/Frameworks",
				);
				MARKETING_VERSION = 1.0;
				PRODUCT_BUNDLE_IDENTIFIER = "parinyapt.assignment6-swu-faculties";
				PRODUCT_NAME = "$(TARGET_NAME)";
				SWIFT_EMIT_LOC_STRINGS = YES;
				SWIFT_VERSION = 5.0;
				TARGETED_DEVICE_FAMILY = "1,2";
			};
			name = Debug;
		};
		AFEFD7D8290AFABD000A9C2E /* Release */ = {
			isa = XCBuildConfiguration;
			buildSettings = {
				ASSETCATALOG_COMPILER_APPICON_NAME = AppIcon;
				ASSETCATALOG_COMPILER_GLOBAL_ACCENT_COLOR_NAME = AccentColor;
				CODE_SIGN_STYLE = Automatic;
				CURRENT_PROJECT_VERSION = 1;
				DEVELOPMENT_TEAM = WMQSD4MT85;
				GENERATE_INFOPLIST_FILE = YES;
				INFOPLIST_FILE = "assignment6-swu-faculties/Info.plist";
				INFOPLIST_KEY_UIApplicationSupportsIndirectInputEvents = YES;
				INFOPLIST_KEY_UILaunchStoryboardName = LaunchScreen;
				INFOPLIST_KEY_UIMainStoryboardFile = Main;
				INFOPLIST_KEY_UISupportedInterfaceOrientations_iPad = "UIInterfaceOrientationPortrait UIInterfaceOrientationPortraitUpsideDown UIInterfaceOrientationLandscapeLeft UIInterfaceOrientationLandscapeRight";
				INFOPLIST_KEY_UISupportedInterfaceOrientations_iPhone = "UIInterfaceOrientationPortrait UIInterfaceOrientationLandscapeLeft UIInterfaceOrientationLandscapeRight";
				LD_RUNPATH_SEARCH_PATHS = (
					"$(inherited)",
					"@executable_path/Frameworks",
				);
				MARKETING_VERSION = 1.0;
				PRODUCT_BUNDLE_IDENTIFIER = "parinyapt.assignment6-swu-faculties";
				PRODUCT_NAME = "$(TARGET_NAME)";
				SWIFT_EMIT_LOC_STRINGS = YES;
				SWIFT_VERSION = 5.0;
				TARGETED_DEVICE_FAMILY = "1,2";
			};
			name = Release;
		};
		AFEFD7DA290AFABD000A9C2E /* Debug */ = {
			isa = XCBuildConfiguration;
			buildSettings = {
				ALWAYS_EMBED_SWIFT_STANDARD_LIBRARIES = YES;
				BUNDLE_LOADER = "$(TEST_HOST)";
				CODE_SIGN_STYLE = Automatic;
				CURRENT_PROJECT_VERSION = 1;
				DEVELOPMENT_TEAM = WMQSD4MT85;
				GENERATE_INFOPLIST_FILE = YES;
				IPHONEOS_DEPLOYMENT_TARGET = 16.0;
				MARKETING_VERSION = 1.0;
				PRODUCT_BUNDLE_IDENTIFIER = "parinyapt.assignment6-swu-facultiesTests";
				PRODUCT_NAME = "$(TARGET_NAME)";
				SWIFT_EMIT_LOC_STRINGS = NO;
				SWIFT_VERSION = 5.0;
				TARGETED_DEVICE_FAMILY = "1,2";
				TEST_HOST = "$(BUILT_PRODUCTS_DIR)/assignment6-swu-faculties.app/$(BUNDLE_EXECUTABLE_FOLDER_PATH)/assignment6-swu-faculties";
			};
			name = Debug;
		};
		AFEFD7DB290AFABD000A9C2E /* Release */ = {
			isa = XCBuildConfiguration;
			buildSettings = {
				ALWAYS_EMBED_SWIFT_STANDARD_LIBRARIES = YES;
				BUNDLE_LOADER = "$(TEST_HOST)";
				CODE_SIGN_STYLE = Automatic;
				CURRENT_PROJECT_VERSION = 1;
				DEVELOPMENT_TEAM = WMQSD4MT85;
				GENERATE_INFOPLIST_FILE = YES;
				IPHONEOS_DEPLOYMENT_TARGET = 16.0;
				MARKETING_VERSION = 1.0;
				PRODUCT_BUNDLE_IDENTIFIER = "parinyapt.assignment6-swu-facultiesTests";
				PRODUCT_NAME = "$(TARGET_NAME)";
				SWIFT_EMIT_LOC_STRINGS = NO;
				SWIFT_VERSION = 5.0;
				TARGETED_DEVICE_FAMILY = "1,2";
				TEST_HOST = "$(BUILT_PRODUCTS_DIR)/assignment6-swu-faculties.app/$(BUNDLE_EXECUTABLE_FOLDER_PATH)/assignment6-swu-faculties";
			};
			name = Release;
		};
		AFEFD7DD290AFABD000A9C2E /* Debug */ = {
			isa = XCBuildConfiguration;
			buildSettings = {
				ALWAYS_EMBED_SWIFT_STANDARD_LIBRARIES = YES;
				CODE_SIGN_STYLE = Automatic;
				CURRENT_PROJECT_VERSION = 1;
				DEVELOPMENT_TEAM = WMQSD4MT85;
				GENERATE_INFOPLIST_FILE = YES;
				MARKETING_VERSION = 1.0;
				PRODUCT_BUNDLE_IDENTIFIER = "parinyapt.assignment6-swu-facultiesUITests";
				PRODUCT_NAME = "$(TARGET_NAME)";
				SWIFT_EMIT_LOC_STRINGS = NO;
				SWIFT_VERSION = 5.0;
				TARGETED_DEVICE_FAMILY = "1,2";
				TEST_TARGET_NAME = "assignment6-swu-faculties";
			};
			name = Debug;
		};
		AFEFD7DE290AFABD000A9C2E /* Release */ = {
			isa = XCBuildConfiguration;
			buildSettings = {
				ALWAYS_EMBED_SWIFT_STANDARD_LIBRARIES = YES;
				CODE_SIGN_STYLE = Automatic;
				CURRENT_PROJECT_VERSION = 1;
				DEVELOPMENT_TEAM = WMQSD4MT85;
				GENERATE_INFOPLIST_FILE = YES;
				MARKETING_VERSION = 1.0;
				PRODUCT_BUNDLE_IDENTIFIER = "parinyapt.assignment6-swu-facultiesUITests";
				PRODUCT_NAME = "$(TARGET_NAME)";
				SWIFT_EMIT_LOC_STRINGS = NO;
				SWIFT_VERSION = 5.0;
				TARGETED_DEVICE_FAMILY = "1,2";
				TEST_TARGET_NAME = "assignment6-swu-faculties";
			};
			name = Release;
		};
/* End XCBuildConfiguration section */

/* Begin XCConfigurationList section */
		AFEFD7A7290AFABB000A9C2E /* Build configuration list for PBXProject "assignment6-swu-faculties" */ = {
			isa = XCConfigurationList;
			buildConfigurations = (
				AFEFD7D4290AFABD000A9C2E /* Debug */,
				AFEFD7D5290AFABD000A9C2E /* Release */,
			);
			defaultConfigurationIsVisible = 0;
			defaultConfigurationName = Release;
		};
		AFEFD7D6290AFABD000A9C2E /* Build configuration list for PBXNativeTarget "assignment6-swu-faculties" */ = {
			isa = XCConfigurationList;
			buildConfigurations = (
				AFEFD7D7290AFABD000A9C2E /* Debug */,
				AFEFD7D8290AFABD000A9C2E /* Release */,
			);
			defaultConfigurationIsVisible = 0;
			defaultConfigurationName = Release;
		};
		AFEFD7D9290AFABD000A9C2E /* Build configuration list for PBXNativeTarget "assignment6-swu-facultiesTests" */ = {
			isa = XCConfigurationList;
			buildConfigurations = (
				AFEFD7DA290AFABD000A9C2E /* Debug */,
				AFEFD7DB290AFABD000A9C2E /* Release */,
			);
			defaultConfigurationIsVisible = 0;
			defaultConfigurationName = Release;
		};
		AFEFD7DC290AFABD000A9C2E /* Build configuration list for PBXNativeTarget "assignment6-swu-facultiesUITests" */ = {
			isa = XCConfigurationList;
			buildConfigurations = (
				AFEFD7DD290AFABD000A9C2E /* Debug */,
				AFEFD7DE290AFABD000A9C2E /* Release */,
			);
			defaultConfigurationIsVisible = 0;
			defaultConfigurationName = Release;
		};
/* End XCConfigurationList section */
	};
	rootObject = AFEFD7A4290AFABB000A9C2E /* Project object */;
}
